// !$*UTF8*$!
{
	archiveVersion = 1;
	classes = {
	};
	objectVersion = 48;
	objects = {

/* Begin PBXBuildFile section */
		AD09400620C314D800523F49 /* QuizViewController.swift in Sources */ = {isa = PBXBuildFile; fileRef = AD09400520C314D800523F49 /* QuizViewController.swift */; };
		AD3F186920B0A84A00463647 /* AppDelegate.swift in Sources */ = {isa = PBXBuildFile; fileRef = AD3F186820B0A84A00463647 /* AppDelegate.swift */; };
		AD3F186E20B0A84B00463647 /* Main.storyboard in Resources */ = {isa = PBXBuildFile; fileRef = AD3F186C20B0A84B00463647 /* Main.storyboard */; };
		AD3F187020B0A84B00463647 /* Assets.xcassets in Resources */ = {isa = PBXBuildFile; fileRef = AD3F186F20B0A84B00463647 /* Assets.xcassets */; };
		AD3F187320B0A84B00463647 /* LaunchScreen.storyboard in Resources */ = {isa = PBXBuildFile; fileRef = AD3F187120B0A84B00463647 /* LaunchScreen.storyboard */; };
		AD8BC72020D5814F00332149 /* OpenSans-ExtraBold.ttf in Resources */ = {isa = PBXBuildFile; fileRef = AD8BC71620D5814E00332149 /* OpenSans-ExtraBold.ttf */; };
		AD8BC72120D5814F00332149 /* OpenSans-Italic.ttf in Resources */ = {isa = PBXBuildFile; fileRef = AD8BC71720D5814E00332149 /* OpenSans-Italic.ttf */; };
		AD8BC72220D5814F00332149 /* OpenSans-Light.ttf in Resources */ = {isa = PBXBuildFile; fileRef = AD8BC71820D5814E00332149 /* OpenSans-Light.ttf */; };
		AD8BC72320D5814F00332149 /* OpenSans-Bold.ttf in Resources */ = {isa = PBXBuildFile; fileRef = AD8BC71920D5814F00332149 /* OpenSans-Bold.ttf */; };
		AD8BC72420D5814F00332149 /* OpenSans-LightItalic.ttf in Resources */ = {isa = PBXBuildFile; fileRef = AD8BC71A20D5814F00332149 /* OpenSans-LightItalic.ttf */; };
		AD8BC72520D5814F00332149 /* OpenSans-Regular.ttf in Resources */ = {isa = PBXBuildFile; fileRef = AD8BC71B20D5814F00332149 /* OpenSans-Regular.ttf */; };
		AD8BC72620D5814F00332149 /* OpenSans-ExtraBoldItalic.ttf in Resources */ = {isa = PBXBuildFile; fileRef = AD8BC71C20D5814F00332149 /* OpenSans-ExtraBoldItalic.ttf */; };
		AD8BC72720D5814F00332149 /* OpenSans-SemiBold.ttf in Resources */ = {isa = PBXBuildFile; fileRef = AD8BC71D20D5814F00332149 /* OpenSans-SemiBold.ttf */; };
		AD8BC72820D5814F00332149 /* OpenSans-BoldItalic.ttf in Resources */ = {isa = PBXBuildFile; fileRef = AD8BC71E20D5814F00332149 /* OpenSans-BoldItalic.ttf */; };
		AD8BC72920D5814F00332149 /* OpenSans-SemiBoldItalic.ttf in Resources */ = {isa = PBXBuildFile; fileRef = AD8BC71F20D5814F00332149 /* OpenSans-SemiBoldItalic.ttf */; };
		AD8BC73720D5822100332149 /* Roboto-Medium.ttf in Resources */ = {isa = PBXBuildFile; fileRef = AD8BC72B20D5821D00332149 /* Roboto-Medium.ttf */; };
		AD8BC73820D5822100332149 /* Roboto-BoldItalic.ttf in Resources */ = {isa = PBXBuildFile; fileRef = AD8BC72C20D5821D00332149 /* Roboto-BoldItalic.ttf */; };
		AD8BC73920D5822100332149 /* Roboto-MediumItalic.ttf in Resources */ = {isa = PBXBuildFile; fileRef = AD8BC72D20D5821E00332149 /* Roboto-MediumItalic.ttf */; };
		AD8BC73A20D5822100332149 /* Roboto-Regular.ttf in Resources */ = {isa = PBXBuildFile; fileRef = AD8BC72E20D5821E00332149 /* Roboto-Regular.ttf */; };
		AD8BC73B20D5822100332149 /* Roboto-ThinItalic.ttf in Resources */ = {isa = PBXBuildFile; fileRef = AD8BC72F20D5821E00332149 /* Roboto-ThinItalic.ttf */; };
		AD8BC73C20D5822100332149 /* Roboto-BlackItalic.ttf in Resources */ = {isa = PBXBuildFile; fileRef = AD8BC73020D5821F00332149 /* Roboto-BlackItalic.ttf */; };
		AD8BC73D20D5822100332149 /* Roboto-Black.ttf in Resources */ = {isa = PBXBuildFile; fileRef = AD8BC73120D5821F00332149 /* Roboto-Black.ttf */; };
		AD8BC73E20D5822100332149 /* Roboto-Bold.ttf in Resources */ = {isa = PBXBuildFile; fileRef = AD8BC73220D5821F00332149 /* Roboto-Bold.ttf */; };
		AD8BC73F20D5822100332149 /* Roboto-Italic.ttf in Resources */ = {isa = PBXBuildFile; fileRef = AD8BC73320D5822000332149 /* Roboto-Italic.ttf */; };
		AD8BC74020D5822100332149 /* Roboto-Thin.ttf in Resources */ = {isa = PBXBuildFile; fileRef = AD8BC73420D5822000332149 /* Roboto-Thin.ttf */; };
		AD8BC74120D5822100332149 /* Roboto-Light.ttf in Resources */ = {isa = PBXBuildFile; fileRef = AD8BC73520D5822100332149 /* Roboto-Light.ttf */; };
		AD8BC74220D5822100332149 /* Roboto-LightItalic.ttf in Resources */ = {isa = PBXBuildFile; fileRef = AD8BC73620D5822100332149 /* Roboto-LightItalic.ttf */; };
		ADB06F5820B9CFCD00C83B55 /* Answer.swift in Sources */ = {isa = PBXBuildFile; fileRef = ADB06F5720B9CFCD00C83B55 /* Answer.swift */; };
		ADB06F5A20B9D13800C83B55 /* Question.swift in Sources */ = {isa = PBXBuildFile; fileRef = ADB06F5920B9D13800C83B55 /* Question.swift */; };
		ADB06F5C20B9D6D200C83B55 /* Quiz.swift in Sources */ = {isa = PBXBuildFile; fileRef = ADB06F5B20B9D6D200C83B55 /* Quiz.swift */; };
		ADB2EA8020CC566A00FA8202 /* ResultsViewController.swift in Sources */ = {isa = PBXBuildFile; fileRef = ADB2EA7F20CC566A00FA8202 /* ResultsViewController.swift */; };
/* End PBXBuildFile section */

/* Begin PBXFileReference section */
		AD09400520C314D800523F49 /* QuizViewController.swift */ = {isa = PBXFileReference; lastKnownFileType = sourcecode.swift; path = QuizViewController.swift; sourceTree = "<group>"; };
		AD3F186520B0A84A00463647 /* Quiz.app */ = {isa = PBXFileReference; explicitFileType = wrapper.application; includeInIndex = 0; path = Quiz.app; sourceTree = BUILT_PRODUCTS_DIR; };
		AD3F186820B0A84A00463647 /* AppDelegate.swift */ = {isa = PBXFileReference; lastKnownFileType = sourcecode.swift; path = AppDelegate.swift; sourceTree = "<group>"; };
		AD3F186D20B0A84B00463647 /* Base */ = {isa = PBXFileReference; lastKnownFileType = file.storyboard; name = Base; path = Base.lproj/Main.storyboard; sourceTree = "<group>"; };
		AD3F186F20B0A84B00463647 /* Assets.xcassets */ = {isa = PBXFileReference; lastKnownFileType = folder.assetcatalog; path = Assets.xcassets; sourceTree = "<group>"; };
		AD3F187220B0A84B00463647 /* Base */ = {isa = PBXFileReference; lastKnownFileType = file.storyboard; name = Base; path = Base.lproj/LaunchScreen.storyboard; sourceTree = "<group>"; };
		AD3F187420B0A84B00463647 /* Info.plist */ = {isa = PBXFileReference; lastKnownFileType = text.plist.xml; path = Info.plist; sourceTree = "<group>"; };
		AD8BC71620D5814E00332149 /* OpenSans-ExtraBold.ttf */ = {isa = PBXFileReference; lastKnownFileType = file; path = "OpenSans-ExtraBold.ttf"; sourceTree = "<group>"; };
		AD8BC71720D5814E00332149 /* OpenSans-Italic.ttf */ = {isa = PBXFileReference; lastKnownFileType = file; path = "OpenSans-Italic.ttf"; sourceTree = "<group>"; };
		AD8BC71820D5814E00332149 /* OpenSans-Light.ttf */ = {isa = PBXFileReference; lastKnownFileType = file; path = "OpenSans-Light.ttf"; sourceTree = "<group>"; };
		AD8BC71920D5814F00332149 /* OpenSans-Bold.ttf */ = {isa = PBXFileReference; lastKnownFileType = file; path = "OpenSans-Bold.ttf"; sourceTree = "<group>"; };
		AD8BC71A20D5814F00332149 /* OpenSans-LightItalic.ttf */ = {isa = PBXFileReference; lastKnownFileType = file; path = "OpenSans-LightItalic.ttf"; sourceTree = "<group>"; };
		AD8BC71B20D5814F00332149 /* OpenSans-Regular.ttf */ = {isa = PBXFileReference; lastKnownFileType = file; path = "OpenSans-Regular.ttf"; sourceTree = "<group>"; };
		AD8BC71C20D5814F00332149 /* OpenSans-ExtraBoldItalic.ttf */ = {isa = PBXFileReference; lastKnownFileType = file; path = "OpenSans-ExtraBoldItalic.ttf"; sourceTree = "<group>"; };
		AD8BC71D20D5814F00332149 /* OpenSans-SemiBold.ttf */ = {isa = PBXFileReference; lastKnownFileType = file; path = "OpenSans-SemiBold.ttf"; sourceTree = "<group>"; };
		AD8BC71E20D5814F00332149 /* OpenSans-BoldItalic.ttf */ = {isa = PBXFileReference; lastKnownFileType = file; path = "OpenSans-BoldItalic.ttf"; sourceTree = "<group>"; };
		AD8BC71F20D5814F00332149 /* OpenSans-SemiBoldItalic.ttf */ = {isa = PBXFileReference; lastKnownFileType = file; path = "OpenSans-SemiBoldItalic.ttf"; sourceTree = "<group>"; };
		AD8BC72B20D5821D00332149 /* Roboto-Medium.ttf */ = {isa = PBXFileReference; lastKnownFileType = file; path = "Roboto-Medium.ttf"; sourceTree = "<group>"; };
		AD8BC72C20D5821D00332149 /* Roboto-BoldItalic.ttf */ = {isa = PBXFileReference; lastKnownFileType = file; path = "Roboto-BoldItalic.ttf"; sourceTree = "<group>"; };
		AD8BC72D20D5821E00332149 /* Roboto-MediumItalic.ttf */ = {isa = PBXFileReference; lastKnownFileType = file; path = "Roboto-MediumItalic.ttf"; sourceTree = "<group>"; };
		AD8BC72E20D5821E00332149 /* Roboto-Regular.ttf */ = {isa = PBXFileReference; lastKnownFileType = file; path = "Roboto-Regular.ttf"; sourceTree = "<group>"; };
		AD8BC72F20D5821E00332149 /* Roboto-ThinItalic.ttf */ = {isa = PBXFileReference; lastKnownFileType = file; path = "Roboto-ThinItalic.ttf"; sourceTree = "<group>"; };
		AD8BC73020D5821F00332149 /* Roboto-BlackItalic.ttf */ = {isa = PBXFileReference; lastKnownFileType = file; path = "Roboto-BlackItalic.ttf"; sourceTree = "<group>"; };
		AD8BC73120D5821F00332149 /* Roboto-Black.ttf */ = {isa = PBXFileReference; lastKnownFileType = file; path = "Roboto-Black.ttf"; sourceTree = "<group>"; };
		AD8BC73220D5821F00332149 /* Roboto-Bold.ttf */ = {isa = PBXFileReference; lastKnownFileType = file; path = "Roboto-Bold.ttf"; sourceTree = "<group>"; };
		AD8BC73320D5822000332149 /* Roboto-Italic.ttf */ = {isa = PBXFileReference; lastKnownFileType = file; path = "Roboto-Italic.ttf"; sourceTree = "<group>"; };
		AD8BC73420D5822000332149 /* Roboto-Thin.ttf */ = {isa = PBXFileReference; lastKnownFileType = file; path = "Roboto-Thin.ttf"; sourceTree = "<group>"; };
		AD8BC73520D5822100332149 /* Roboto-Light.ttf */ = {isa = PBXFileReference; lastKnownFileType = file; path = "Roboto-Light.ttf"; sourceTree = "<group>"; };
		AD8BC73620D5822100332149 /* Roboto-LightItalic.ttf */ = {isa = PBXFileReference; lastKnownFileType = file; path = "Roboto-LightItalic.ttf"; sourceTree = "<group>"; };
		ADB06F5720B9CFCD00C83B55 /* Answer.swift */ = {isa = PBXFileReference; lastKnownFileType = sourcecode.swift; path = Answer.swift; sourceTree = "<group>"; };
		ADB06F5920B9D13800C83B55 /* Question.swift */ = {isa = PBXFileReference; lastKnownFileType = sourcecode.swift; path = Question.swift; sourceTree = "<group>"; };
		ADB06F5B20B9D6D200C83B55 /* Quiz.swift */ = {isa = PBXFileReference; lastKnownFileType = sourcecode.swift; path = Quiz.swift; sourceTree = "<group>"; };
		ADB2EA7F20CC566A00FA8202 /* ResultsViewController.swift */ = {isa = PBXFileReference; lastKnownFileType = sourcecode.swift; path = ResultsViewController.swift; sourceTree = "<group>"; };
/* End PBXFileReference section */

/* Begin PBXFrameworksBuildPhase section */
		AD3F186220B0A84A00463647 /* Frameworks */ = {
			isa = PBXFrameworksBuildPhase;
			buildActionMask = 2147483647;
			files = (
			);
			runOnlyForDeploymentPostprocessing = 0;
		};
/* End PBXFrameworksBuildPhase section */

/* Begin PBXGroup section */
		AD3F185C20B0A84A00463647 = {
			isa = PBXGroup;
			children = (
				AD3F186720B0A84A00463647 /* Quiz */,
				AD3F186620B0A84A00463647 /* Products */,
			);
			sourceTree = "<group>";
		};
		AD3F186620B0A84A00463647 /* Products */ = {
			isa = PBXGroup;
			children = (
				AD3F186520B0A84A00463647 /* Quiz.app */,
			);
			name = Products;
			sourceTree = "<group>";
		};
		AD3F186720B0A84A00463647 /* Quiz */ = {
			isa = PBXGroup;
			children = (
				AD8BC72A20D5820900332149 /* Roboto */,
				AD8BC71520D5813200332149 /* Open Sans */,
				AD3F186820B0A84A00463647 /* AppDelegate.swift */,
				AD3F186C20B0A84B00463647 /* Main.storyboard */,
				ADB2EA7F20CC566A00FA8202 /* ResultsViewController.swift */,
				AD09400520C314D800523F49 /* QuizViewController.swift */,
				AD3F186F20B0A84B00463647 /* Assets.xcassets */,
				AD3F187120B0A84B00463647 /* LaunchScreen.storyboard */,
				AD3F187420B0A84B00463647 /* Info.plist */,
				ADB06F5720B9CFCD00C83B55 /* Answer.swift */,
				ADB06F5920B9D13800C83B55 /* Question.swift */,
				ADB06F5B20B9D6D200C83B55 /* Quiz.swift */,
			);
			path = Quiz;
			sourceTree = "<group>";
		};
		AD8BC71520D5813200332149 /* Open Sans */ = {
			isa = PBXGroup;
			children = (
				AD8BC71920D5814F00332149 /* OpenSans-Bold.ttf */,
				AD8BC71E20D5814F00332149 /* OpenSans-BoldItalic.ttf */,
				AD8BC71620D5814E00332149 /* OpenSans-ExtraBold.ttf */,
				AD8BC71C20D5814F00332149 /* OpenSans-ExtraBoldItalic.ttf */,
				AD8BC71720D5814E00332149 /* OpenSans-Italic.ttf */,
				AD8BC71820D5814E00332149 /* OpenSans-Light.ttf */,
				AD8BC71A20D5814F00332149 /* OpenSans-LightItalic.ttf */,
				AD8BC71B20D5814F00332149 /* OpenSans-Regular.ttf */,
				AD8BC71D20D5814F00332149 /* OpenSans-SemiBold.ttf */,
				AD8BC71F20D5814F00332149 /* OpenSans-SemiBoldItalic.ttf */,
			);
			path = "Open Sans";
			sourceTree = "<group>";
		};
		AD8BC72A20D5820900332149 /* Roboto */ = {
			isa = PBXGroup;
			children = (
				AD8BC73120D5821F00332149 /* Roboto-Black.ttf */,
				AD8BC73020D5821F00332149 /* Roboto-BlackItalic.ttf */,
				AD8BC73220D5821F00332149 /* Roboto-Bold.ttf */,
				AD8BC72C20D5821D00332149 /* Roboto-BoldItalic.ttf */,
				AD8BC73320D5822000332149 /* Roboto-Italic.ttf */,
				AD8BC73520D5822100332149 /* Roboto-Light.ttf */,
				AD8BC73620D5822100332149 /* Roboto-LightItalic.ttf */,
				AD8BC72B20D5821D00332149 /* Roboto-Medium.ttf */,
				AD8BC72D20D5821E00332149 /* Roboto-MediumItalic.ttf */,
				AD8BC72E20D5821E00332149 /* Roboto-Regular.ttf */,
				AD8BC73420D5822000332149 /* Roboto-Thin.ttf */,
				AD8BC72F20D5821E00332149 /* Roboto-ThinItalic.ttf */,
			);
			path = Roboto;
			sourceTree = "<group>";
		};
/* End PBXGroup section */

/* Begin PBXNativeTarget section */
		AD3F186420B0A84A00463647 /* Quiz */ = {
			isa = PBXNativeTarget;
			buildConfigurationList = AD3F187720B0A84B00463647 /* Build configuration list for PBXNativeTarget "Quiz" */;
			buildPhases = (
				AD3F186120B0A84A00463647 /* Sources */,
				AD3F186220B0A84A00463647 /* Frameworks */,
				AD3F186320B0A84A00463647 /* Resources */,
			);
			buildRules = (
			);
			dependencies = (
			);
			name = Quiz;
			productName = Quiz;
			productReference = AD3F186520B0A84A00463647 /* Quiz.app */;
			productType = "com.apple.product-type.application";
		};
/* End PBXNativeTarget section */

/* Begin PBXProject section */
		AD3F185D20B0A84A00463647 /* Project object */ = {
			isa = PBXProject;
			attributes = {
				LastSwiftUpdateCheck = 0920;
				LastUpgradeCheck = 0920;
				ORGANIZATIONNAME = "Kenny K";
				TargetAttributes = {
					AD3F186420B0A84A00463647 = {
						CreatedOnToolsVersion = 9.2;
						ProvisioningStyle = Automatic;
					};
				};
			};
			buildConfigurationList = AD3F186020B0A84A00463647 /* Build configuration list for PBXProject "Quiz" */;
			compatibilityVersion = "Xcode 8.0";
			developmentRegion = en;
			hasScannedForEncodings = 0;
			knownRegions = (
				en,
				Base,
			);
			mainGroup = AD3F185C20B0A84A00463647;
			productRefGroup = AD3F186620B0A84A00463647 /* Products */;
			projectDirPath = "";
			projectRoot = "";
			targets = (
				AD3F186420B0A84A00463647 /* Quiz */,
			);
		};
/* End PBXProject section */

/* Begin PBXResourcesBuildPhase section */
		AD3F186320B0A84A00463647 /* Resources */ = {
			isa = PBXResourcesBuildPhase;
			buildActionMask = 2147483647;
			files = (
				AD8BC72220D5814F00332149 /* OpenSans-Light.ttf in Resources */,
				AD8BC72320D5814F00332149 /* OpenSans-Bold.ttf in Resources */,
				AD8BC72720D5814F00332149 /* OpenSans-SemiBold.ttf in Resources */,
				AD8BC73820D5822100332149 /* Roboto-BoldItalic.ttf in Resources */,
				AD8BC72920D5814F00332149 /* OpenSans-SemiBoldItalic.ttf in Resources */,
				AD3F187320B0A84B00463647 /* LaunchScreen.storyboard in Resources */,
				AD8BC73B20D5822100332149 /* Roboto-ThinItalic.ttf in Resources */,
				AD8BC73D20D5822100332149 /* Roboto-Black.ttf in Resources */,
				AD3F187020B0A84B00463647 /* Assets.xcassets in Resources */,
				AD8BC74020D5822100332149 /* Roboto-Thin.ttf in Resources */,
				AD8BC73F20D5822100332149 /* Roboto-Italic.ttf in Resources */,
				AD8BC73C20D5822100332149 /* Roboto-BlackItalic.ttf in Resources */,
				AD3F186E20B0A84B00463647 /* Main.storyboard in Resources */,
				AD8BC72820D5814F00332149 /* OpenSans-BoldItalic.ttf in Resources */,
				AD8BC74120D5822100332149 /* Roboto-Light.ttf in Resources */,
				AD8BC72120D5814F00332149 /* OpenSans-Italic.ttf in Resources */,
				AD8BC72420D5814F00332149 /* OpenSans-LightItalic.ttf in Resources */,
				AD8BC74220D5822100332149 /* Roboto-LightItalic.ttf in Resources */,
				AD8BC73E20D5822100332149 /* Roboto-Bold.ttf in Resources */,
				AD8BC73720D5822100332149 /* Roboto-Medium.ttf in Resources */,
				AD8BC73920D5822100332149 /* Roboto-MediumItalic.ttf in Resources */,
				AD8BC72620D5814F00332149 /* OpenSans-ExtraBoldItalic.ttf in Resources */,
				AD8BC73A20D5822100332149 /* Roboto-Regular.ttf in Resources */,
				AD8BC72520D5814F00332149 /* OpenSans-Regular.ttf in Resources */,
				AD8BC72020D5814F00332149 /* OpenSans-ExtraBold.ttf in Resources */,
			);
			runOnlyForDeploymentPostprocessing = 0;
		};
/* End PBXResourcesBuildPhase section */

/* Begin PBXSourcesBuildPhase section */
		AD3F186120B0A84A00463647 /* Sources */ = {
			isa = PBXSourcesBuildPhase;
			buildActionMask = 2147483647;
			files = (
				ADB06F5A20B9D13800C83B55 /* Question.swift in Sources */,
				AD09400620C314D800523F49 /* QuizViewController.swift in Sources */,
				AD3F186920B0A84A00463647 /* AppDelegate.swift in Sources */,
				ADB06F5C20B9D6D200C83B55 /* Quiz.swift in Sources */,
				ADB06F5820B9CFCD00C83B55 /* Answer.swift in Sources */,
				ADB2EA8020CC566A00FA8202 /* ResultsViewController.swift in Sources */,
			);
			runOnlyForDeploymentPostprocessing = 0;
		};
/* End PBXSourcesBuildPhase section */

/* Begin PBXVariantGroup section */
		AD3F186C20B0A84B00463647 /* Main.storyboard */ = {
			isa = PBXVariantGroup;
			children = (
				AD3F186D20B0A84B00463647 /* Base */,
			);
			name = Main.storyboard;
			sourceTree = "<group>";
		};
		AD3F187120B0A84B00463647 /* LaunchScreen.storyboard */ = {
			isa = PBXVariantGroup;
			children = (
				AD3F187220B0A84B00463647 /* Base */,
			);
			name = LaunchScreen.storyboard;
			sourceTree = "<group>";
		};
/* End PBXVariantGroup section */

/* Begin XCBuildConfiguration section */
		AD3F187520B0A84B00463647 /* Debug */ = {
			isa = XCBuildConfiguration;
			buildSettings = {
				ALWAYS_SEARCH_USER_PATHS = NO;
				CLANG_ANALYZER_NONNULL = YES;
				CLANG_ANALYZER_NUMBER_OBJECT_CONVERSION = YES_AGGRESSIVE;
				CLANG_CXX_LANGUAGE_STANDARD = "gnu++14";
				CLANG_CXX_LIBRARY = "libc++";
				CLANG_ENABLE_MODULES = YES;
				CLANG_ENABLE_OBJC_ARC = YES;
				CLANG_WARN_BLOCK_CAPTURE_AUTORELEASING = YES;
				CLANG_WARN_BOOL_CONVERSION = YES;
				CLANG_WARN_COMMA = YES;
				CLANG_WARN_CONSTANT_CONVERSION = YES;
				CLANG_WARN_DIRECT_OBJC_ISA_USAGE = YES_ERROR;
				CLANG_WARN_DOCUMENTATION_COMMENTS = YES;
				CLANG_WARN_EMPTY_BODY = YES;
				CLANG_WARN_ENUM_CONVERSION = YES;
				CLANG_WARN_INFINITE_RECURSION = YES;
				CLANG_WARN_INT_CONVERSION = YES;
				CLANG_WARN_NON_LITERAL_NULL_CONVERSION = YES;
				CLANG_WARN_OBJC_LITERAL_CONVERSION = YES;
				CLANG_WARN_OBJC_ROOT_CLASS = YES_ERROR;
				CLANG_WARN_RANGE_LOOP_ANALYSIS = YES;
				CLANG_WARN_STRICT_PROTOTYPES = YES;
				CLANG_WARN_SUSPICIOUS_MOVE = YES;
				CLANG_WARN_UNGUARDED_AVAILABILITY = YES_AGGRESSIVE;
				CLANG_WARN_UNREACHABLE_CODE = YES;
				CLANG_WARN__DUPLICATE_METHOD_MATCH = YES;
				CODE_SIGN_IDENTITY = "iPhone Developer";
				COPY_PHASE_STRIP = NO;
				DEBUG_INFORMATION_FORMAT = dwarf;
				ENABLE_STRICT_OBJC_MSGSEND = YES;
				ENABLE_TESTABILITY = YES;
				GCC_C_LANGUAGE_STANDARD = gnu11;
				GCC_DYNAMIC_NO_PIC = NO;
				GCC_NO_COMMON_BLOCKS = YES;
				GCC_OPTIMIZATION_LEVEL = 0;
				GCC_PREPROCESSOR_DEFINITIONS = (
					"DEBUG=1",
					"$(inherited)",
				);
				GCC_WARN_64_TO_32_BIT_CONVERSION = YES;
				GCC_WARN_ABOUT_RETURN_TYPE = YES_ERROR;
				GCC_WARN_UNDECLARED_SELECTOR = YES;
				GCC_WARN_UNINITIALIZED_AUTOS = YES_AGGRESSIVE;
				GCC_WARN_UNUSED_FUNCTION = YES;
				GCC_WARN_UNUSED_VARIABLE = YES;
				IPHONEOS_DEPLOYMENT_TARGET = 11.2;
				MTL_ENABLE_DEBUG_INFO = YES;
				ONLY_ACTIVE_ARCH = YES;
				SDKROOT = iphoneos;
				SWIFT_ACTIVE_COMPILATION_CONDITIONS = DEBUG;
				SWIFT_OPTIMIZATION_LEVEL = "-Onone";
			};
			name = Debug;
		};
		AD3F187620B0A84B00463647 /* Release */ = {
			isa = XCBuildConfiguration;
			buildSettings = {
				ALWAYS_SEARCH_USER_PATHS = NO;
				CLANG_ANALYZER_NONNULL = YES;
				CLANG_ANALYZER_NUMBER_OBJECT_CONVERSION = YES_AGGRESSIVE;
				CLANG_CXX_LANGUAGE_STANDARD = "gnu++14";
				CLANG_CXX_LIBRARY = "libc++";
				CLANG_ENABLE_MODULES = YES;
				CLANG_ENABLE_OBJC_ARC = YES;
				CLANG_WARN_BLOCK_CAPTURE_AUTORELEASING = YES;
				CLANG_WARN_BOOL_CONVERSION = YES;
				CLANG_WARN_COMMA = YES;
				CLANG_WARN_CONSTANT_CONVERSION = YES;
				CLANG_WARN_DIRECT_OBJC_ISA_USAGE = YES_ERROR;
				CLANG_WARN_DOCUMENTATION_COMMENTS = YES;
				CLANG_WARN_EMPTY_BODY = YES;
				CLANG_WARN_ENUM_CONVERSION = YES;
				CLANG_WARN_INFINITE_RECURSION = YES;
				CLANG_WARN_INT_CONVERSION = YES;
				CLANG_WARN_NON_LITERAL_NULL_CONVERSION = YES;
				CLANG_WARN_OBJC_LITERAL_CONVERSION = YES;
				CLANG_WARN_OBJC_ROOT_CLASS = YES_ERROR;
				CLANG_WARN_RANGE_LOOP_ANALYSIS = YES;
				CLANG_WARN_STRICT_PROTOTYPES = YES;
				CLANG_WARN_SUSPICIOUS_MOVE = YES;
				CLANG_WARN_UNGUARDED_AVAILABILITY = YES_AGGRESSIVE;
				CLANG_WARN_UNREACHABLE_CODE = YES;
				CLANG_WARN__DUPLICATE_METHOD_MATCH = YES;
				CODE_SIGN_IDENTITY = "iPhone Developer";
				COPY_PHASE_STRIP = NO;
				DEBUG_INFORMATION_FORMAT = "dwarf-with-dsym";
				ENABLE_NS_ASSERTIONS = NO;
				ENABLE_STRICT_OBJC_MSGSEND = YES;
				GCC_C_LANGUAGE_STANDARD = gnu11;
				GCC_NO_COMMON_BLOCKS = YES;
				GCC_WARN_64_TO_32_BIT_CONVERSION = YES;
				GCC_WARN_ABOUT_RETURN_TYPE = YES_ERROR;
				GCC_WARN_UNDECLARED_SELECTOR = YES;
				GCC_WARN_UNINITIALIZED_AUTOS = YES_AGGRESSIVE;
				GCC_WARN_UNUSED_FUNCTION = YES;
				GCC_WARN_UNUSED_VARIABLE = YES;
				IPHONEOS_DEPLOYMENT_TARGET = 11.2;
				MTL_ENABLE_DEBUG_INFO = NO;
				SDKROOT = iphoneos;
				SWIFT_OPTIMIZATION_LEVEL = "-Owholemodule";
				VALIDATE_PRODUCT = YES;
			};
			name = Release;
		};
		AD3F187820B0A84B00463647 /* Debug */ = {
			isa = XCBuildConfiguration;
			buildSettings = {
				ASSETCATALOG_COMPILER_APPICON_NAME = AppIcon;
				CODE_SIGN_STYLE = Automatic;
				DEVELOPMENT_TEAM = 33PNCMZN62;
				INFOPLIST_FILE = Quiz/Info.plist;
				LD_RUNPATH_SEARCH_PATHS = "$(inherited) @executable_path/Frameworks";
				PRODUCT_BUNDLE_IDENTIFIER = com.ucode.kennykantisiri.Quiz;
				PRODUCT_NAME = "$(TARGET_NAME)";
				SWIFT_VERSION = 4.0;
				TARGETED_DEVICE_FAMILY = "1,2";
			};
			name = Debug;
		};
		AD3F187920B0A84B00463647 /* Release */ = {
			isa = XCBuildConfiguration;
			buildSettings = {
				ASSETCATALOG_COMPILER_APPICON_NAME = AppIcon;
				CODE_SIGN_STYLE = Automatic;
				DEVELOPMENT_TEAM = 33PNCMZN62;
				INFOPLIST_FILE = Quiz/Info.plist;
				LD_RUNPATH_SEARCH_PATHS = "$(inherited) @executable_path/Frameworks";
				PRODUCT_BUNDLE_IDENTIFIER = com.ucode.kennykantisiri.Quiz;
				PRODUCT_NAME = "$(TARGET_NAME)";
				SWIFT_VERSION = 4.0;
				TARGETED_DEVICE_FAMILY = "1,2";
			};
			name = Release;
		};
/* End XCBuildConfiguration section */

/* Begin XCConfigurationList section */
		AD3F186020B0A84A00463647 /* Build configuration list for PBXProject "Quiz" */ = {
			isa = XCConfigurationList;
			buildConfigurations = (
				AD3F187520B0A84B00463647 /* Debug */,
				AD3F187620B0A84B00463647 /* Release */,
			);
			defaultConfigurationIsVisible = 0;
			defaultConfigurationName = Release;
		};
		AD3F187720B0A84B00463647 /* Build configuration list for PBXNativeTarget "Quiz" */ = {
			isa = XCConfigurationList;
			buildConfigurations = (
				AD3F187820B0A84B00463647 /* Debug */,
				AD3F187920B0A84B00463647 /* Release */,
			);
			defaultConfigurationIsVisible = 0;
			defaultConfigurationName = Release;
		};
/* End XCConfigurationList section */
	};
	rootObject = AD3F185D20B0A84A00463647 /* Project object */;
}
